Microsoft Visual Studio Solution File, Format Version 12.00
# Visual Studio 2012
Project("{FAE04EC0-301F-11D3-BF4B-00C04F79EFBC}") = "Survival Card Game", "Survival Card Game.csproj", "{B6691B65-9B17-49B5-B22B-07B6FD2D2EB9}"
EndProject
Global
	GlobalSection(SolutionConfigurationPlatforms) = preSolution
	Debug|Any CPU = Debug|Any CPU
	ExportDebug|Any CPU = ExportDebug|Any CPU
	ExportRelease|Any CPU = ExportRelease|Any CPU
	EndGlobalSection
	GlobalSection(ProjectConfigurationPlatforms) = postSolution
		{B6691B65-9B17-49B5-B22B-07B6FD2D2EB9}.Debug|Any CPU.ActiveCfg = Debug|Any CPU
		{B6691B65-9B17-49B5-B22B-07B6FD2D2EB9}.Debug|Any CPU.Build.0 = Debug|Any CPU
		{B6691B65-9B17-49B5-B22B-07B6FD2D2EB9}.ExportDebug|Any CPU.ActiveCfg = ExportDebug|Any CPU
		{B6691B65-9B17-49B5-B22B-07B6FD2D2EB9}.ExportDebug|Any CPU.Build.0 = ExportDebug|Any CPU
		{B6691B65-9B17-49B5-B22B-07B6FD2D2EB9}.ExportRelease|Any CPU.ActiveCfg = ExportRelease|Any CPU
		{B6691B65-9B17-49B5-B22B-07B6FD2D2EB9}.ExportRelease|Any CPU.Build.0 = ExportRelease|Any CPU
	EndGlobalSection
EndGlobal
